
Microsoft Visual Studio Solution File, Format Version 12.00
# Visual Studio Version 16
VisualStudioVersion = 16.0.32413.511
MinimumVisualStudioVersion = 10.0.40219.1
Project("{FAE04EC0-301F-11D3-BF4B-00C04F79EFBC}") = "BigSchool_DoHoangLongVu", "BigSchool_DoHoangLongVu\BigSchool_DoHoangLongVu.csproj", "{1725B980-0FF5-4D77-B569-3FFA689E665A}"
EndProject
Global
	GlobalSection(SolutionConfigurationPlatforms) = preSolution
		Debug|Any CPU = Debug|Any CPU
		Release|Any CPU = Release|Any CPU
	EndGlobalSection
	GlobalSection(ProjectConfigurationPlatforms) = postSolution
		{1725B980-0FF5-4D77-B569-3FFA689E665A}.Debug|Any CPU.ActiveCfg = Debug|Any CPU
		{1725B980-0FF5-4D77-B569-3FFA689E665A}.Debug|Any CPU.Build.0 = Debug|Any CPU
		{1725B980-0FF5-4D77-B569-3FFA689E665A}.Release|Any CPU.ActiveCfg = Release|Any CPU
		{1725B980-0FF5-4D77-B569-3FFA689E665A}.Release|Any CPU.Build.0 = Release|Any CPU
	EndGlobalSection
	GlobalSection(SolutionProperties) = preSolution
		HideSolutionNode = FALSE
	EndGlobalSection
	GlobalSection(ExtensibilityGlobals) = postSolution
		SolutionGuid = {ECD30ACF-0E53-4878-B83E-7F600B6A2874}
	EndGlobalSection
EndGlobal
